
Microsoft Visual Studio Solution File, Format Version 12.00
# Visual Studio Version 17
VisualStudioVersion = 17.5.33424.131
MinimumVisualStudioVersion = 10.0.40219.1
Project("{FAE04EC0-301F-11D3-BF4B-00C04F79EFBC}") = "Menu_BellesFleurs_SQL_C#", "Menu_BellesFleurs_SQL_C#.csproj", "{6AC83F81-EB4A-45E3-AF12-A18E9C2D0A8D}"
EndProject
Global
	GlobalSection(SolutionConfigurationPlatforms) = preSolution
		Debug|Any CPU = Debug|Any CPU
		Release|Any CPU = Release|Any CPU
	EndGlobalSection
	GlobalSection(ProjectConfigurationPlatforms) = postSolution
		{6AC83F81-EB4A-45E3-AF12-A18E9C2D0A8D}.Debug|Any CPU.ActiveCfg = Debug|Any CPU
		{6AC83F81-EB4A-45E3-AF12-A18E9C2D0A8D}.Debug|Any CPU.Build.0 = Debug|Any CPU
		{6AC83F81-EB4A-45E3-AF12-A18E9C2D0A8D}.Release|Any CPU.ActiveCfg = Release|Any CPU
		{6AC83F81-EB4A-45E3-AF12-A18E9C2D0A8D}.Release|Any CPU.Build.0 = Release|Any CPU
	EndGlobalSection
	GlobalSection(SolutionProperties) = preSolution
		HideSolutionNode = FALSE
	EndGlobalSection
	GlobalSection(ExtensibilityGlobals) = postSolution
		SolutionGuid = {AE145BFD-975B-4788-BC06-FB1BD2B80976}
	EndGlobalSection
EndGlobal
